{
  "requires": true,
  "lockfileVersion": 1,
  "dependencies": {
    "@ngrx/entity": {
      "version": "8.5.2",
      "resolved": "https://registry.npmjs.org/@ngrx/entity/-/entity-8.5.2.tgz",
      "integrity": "sha512-9eP6DNbMG0EGTwMbUzSnxAvHdid/D/APmjPn1GPj6AKjsOfLEwhtxB5SF3re1Le0H2JrdhcbEEKaBjJS9JRZRg=="
    }
  }
}
